<?xml version="1.0" encoding="utf-8"?>
<Project ToolsVersion="4.0" xmlns="http://schemas.microsoft.com/developer/msbuild/2003">
  <ItemGroup>
    <Filter Include="Source Files">
      <UniqueIdentifier>{4FC737F1-C7A5-4376-A066-2A32D752A2FF}</UniqueIdentifier>
      <Extensions>cpp;c;cc;cxx;def;odl;idl;hpj;bat;asm;asmx</Extensions>
    </Filter>
    <Filter Include="Header Files">
      <UniqueIdentifier>{93995380-89BD-4b04-88EB-625FBE52EBFB}</UniqueIdentifier>
      <Extensions>h;hh;hpp;hxx;hm;inl;inc;xsd</Extensions>
    </Filter>
    <Filter Include="Resource Files">
      <UniqueIdentifier>{67DA6AB6-F800-4c08-8B7A-83BB121AAD01}</UniqueIdentifier>
      <Extensions>rc;ico;cur;bmp;dlg;rc2;rct;bin;rgs;gif;jpg;jpeg;jpe;resx;tiff;tif;png;wav;mfcribbon-ms</Extensions>
    </Filter>
  </ItemGroup>
  <ItemGroup>
    <ClCompile Include="..\bcmds.c">
      <Filter>Source Files</Filter>
    </ClCompile>
    <ClCompile Include="..\bind.c">
      <Filter>Source Files</Filter>
    </ClCompile>
    <ClCompile Include="..\buff.c">
      <Filter>Source Files</Filter>
    </ClCompile>
    <ClCompile Include="..\calc.c">
      <Filter>Source Files</Filter>
    </ClCompile>
    <ClCompile Include="..\commands.c">
      <Filter>Source Files</Filter>
    </ClCompile>
    <ClCompile Include="..\comment.c">
      <Filter>Source Files</Filter>
    </ClCompile>
    <ClCompile Include="..\cursor.c">
      <Filter>Source Files</Filter>
    </ClCompile>
    <ClCompile Include="..\delete.c">
      <Filter>Source Files</Filter>
    </ClCompile>
    <ClCompile Include="..\display.c">
      <Filter>Source Files</Filter>
    </ClCompile>
    <ClCompile Include="..\funcs.c">
      <Filter>Source Files</Filter>
    </ClCompile>
    <ClCompile Include="..\getarg.c">
      <Filter>Source Files</Filter>
    </ClCompile>
    <ClCompile Include="..\getfname.c">
      <Filter>Source Files</Filter>
    </ClCompile>
    <ClCompile Include="..\help.c">
      <Filter>Source Files</Filter>
    </ClCompile>
    <ClCompile Include="..\reg.c">
      <Filter>Source Files</Filter>
    </ClCompile>
    <ClCompile Include="..\shell.c">
      <Filter>Source Files</Filter>
    </ClCompile>
    <ClCompile Include="..\srch.c">
      <Filter>Source Files</Filter>
    </ClCompile>
    <ClCompile Include="..\tags.c">
      <Filter>Source Files</Filter>
    </ClCompile>
    <ClCompile Include="..\undo.c">
      <Filter>Source Files</Filter>
    </ClCompile>
    <ClCompile Include="..\vars.c">
      <Filter>Source Files</Filter>
    </ClCompile>
    <ClCompile Include="..\window.c">
      <Filter>Source Files</Filter>
    </ClCompile>
    <ClCompile Include="..\z.c">
      <Filter>Source Files</Filter>
    </ClCompile>
    <ClCompile Include="winkbd.c">
      <Filter>Source Files</Filter>
    </ClCompile>
    <ClCompile Include="zwin32.c">
      <Filter>Source Files</Filter>
    </ClCompile>
    <ClCompile Include="..\term.c">
      <Filter>Source Files</Filter>
    </ClCompile>
    <ClCompile Include="..\cnames.c">
      <Filter>Source Files</Filter>
    </ClCompile>
    <ClCompile Include="..\varray.c">
      <Filter>Source Files</Filter>
    </ClCompile>
    <ClCompile Include="..\file.c">
      <Filter>Source Files</Filter>
    </ClCompile>
    <ClCompile Include="..\zgrep.c">
      <Filter>Source Files</Filter>
    </ClCompile>
    <ClCompile Include="fnmatch.c">
      <Filter>Source Files</Filter>
    </ClCompile>
    <ClCompile Include="..\bmsearch.c">
      <Filter>Source Files</Filter>
    </ClCompile>
    <ClCompile Include="..\mark.c">
      <Filter>Source Files</Filter>
    </ClCompile>
    <ClCompile Include="..\bfile.c">
      <Filter>Source Files</Filter>
    </ClCompile>
    <ClCompile Include="..\tinit.c">
      <Filter>Source Files</Filter>
    </ClCompile>
    <ClCompile Include="..\hugefile.c">
      <Filter>Source Files</Filter>
    </ClCompile>
    <ClCompile Include="..\bsocket.c">
      <Filter>Source Files</Filter>
    </ClCompile>
    <ClCompile Include="bwin32.c">
      <Filter>Source Files</Filter>
    </ClCompile>
    <ClCompile Include="..\life.c">
      <Filter>Source Files</Filter>
    </ClCompile>
    <ClCompile Include="..\util.c">
      <Filter>Source Files</Filter>
    </ClCompile>
  </ItemGroup>
  <ItemGroup>
    <ClInclude Include="..\z.h">
      <Filter>Header Files</Filter>
    </ClInclude>
    <ClInclude Include="..\config.h">
      <Filter>Header Files</Filter>
    </ClInclude>
    <ClInclude Include="winkeys.h">
      <Filter>Header Files</Filter>
    </ClInclude>
    <ClInclude Include="..\buff.h">
      <Filter>Header Files</Filter>
    </ClInclude>
    <ClInclude Include="bwin32.h">
      <Filter>Header Files</Filter>
    </ClInclude>
    <ClInclude Include="fnmatch.h">
      <Filter>Header Files</Filter>
    </ClInclude>
  </ItemGroup>
</Project>